
Microsoft Visual Studio Solution File, Format Version 12.00
# Visual Studio Version 17
VisualStudioVersion = 17.6.33829.357
MinimumVisualStudioVersion = 10.0.40219.1
Project("{FAE04EC0-301F-11D3-BF4B-00C04F79EFBC}") = "Sunrise", "Sunrise.csproj", "{76387017-C80C-4025-89E2-C68A4AB181C6}"
EndProject
Global
	GlobalSection(SolutionConfigurationPlatforms) = preSolution
		Debug|Any CPU = Debug|Any CPU
		Release|Any CPU = Release|Any CPU
	EndGlobalSection
	GlobalSection(ProjectConfigurationPlatforms) = postSolution
		{76387017-C80C-4025-89E2-C68A4AB181C6}.Debug|Any CPU.ActiveCfg = Debug|Any CPU
		{76387017-C80C-4025-89E2-C68A4AB181C6}.Debug|Any CPU.Build.0 = Debug|Any CPU
		{76387017-C80C-4025-89E2-C68A4AB181C6}.Release|Any CPU.ActiveCfg = Release|Any CPU
		{76387017-C80C-4025-89E2-C68A4AB181C6}.Release|Any CPU.Build.0 = Release|Any CPU
	EndGlobalSection
	GlobalSection(SolutionProperties) = preSolution
		HideSolutionNode = FALSE
	EndGlobalSection
	GlobalSection(ExtensibilityGlobals) = postSolution
		SolutionGuid = {E5B81986-E418-407A-8DA6-D4CCDAC03DE9}
	EndGlobalSection
EndGlobal
